
Microsoft Visual Studio Solution File, Format Version 12.00
# Visual Studio Version 16
VisualStudioVersion = 16.0.31702.278
MinimumVisualStudioVersion = 10.0.40219.1
Project("{9A19103F-16F7-4668-BE54-9A1E7A4F7556}") = "B1SLayer_Demo", "B1SLayer_Demo\B1SLayer_Demo.csproj", "{EEF840D9-44CB-466B-A523-FD29F26B5E26}"
EndProject
Project("{FAE04EC0-301F-11D3-BF4B-00C04F79EFBC}") = "B1SLayer.DI", "B1SLayer.DI\B1SLayer.DI.csproj", "{02D99955-6EBC-40EB-92EF-EFD48CC79F98}"
EndProject
Global
	GlobalSection(SolutionConfigurationPlatforms) = preSolution
		Debug|Any CPU = Debug|Any CPU
		Debug|x64 = Debug|x64
		Release|Any CPU = Release|Any CPU
		Release|x64 = Release|x64
	EndGlobalSection
	GlobalSection(ProjectConfigurationPlatforms) = postSolution
		{EEF840D9-44CB-466B-A523-FD29F26B5E26}.Debug|Any CPU.ActiveCfg = Debug|Any CPU
		{EEF840D9-44CB-466B-A523-FD29F26B5E26}.Debug|Any CPU.Build.0 = Debug|Any CPU
		{EEF840D9-44CB-466B-A523-FD29F26B5E26}.Debug|x64.ActiveCfg = Debug|Any CPU
		{EEF840D9-44CB-466B-A523-FD29F26B5E26}.Debug|x64.Build.0 = Debug|Any CPU
		{EEF840D9-44CB-466B-A523-FD29F26B5E26}.Release|Any CPU.ActiveCfg = Release|Any CPU
		{EEF840D9-44CB-466B-A523-FD29F26B5E26}.Release|Any CPU.Build.0 = Release|Any CPU
		{EEF840D9-44CB-466B-A523-FD29F26B5E26}.Release|x64.ActiveCfg = Release|Any CPU
		{EEF840D9-44CB-466B-A523-FD29F26B5E26}.Release|x64.Build.0 = Release|Any CPU
		{02D99955-6EBC-40EB-92EF-EFD48CC79F98}.Debug|Any CPU.ActiveCfg = Debug|Any CPU
		{02D99955-6EBC-40EB-92EF-EFD48CC79F98}.Debug|Any CPU.Build.0 = Debug|Any CPU
		{02D99955-6EBC-40EB-92EF-EFD48CC79F98}.Debug|x64.ActiveCfg = Debug|x64
		{02D99955-6EBC-40EB-92EF-EFD48CC79F98}.Debug|x64.Build.0 = Debug|x64
		{02D99955-6EBC-40EB-92EF-EFD48CC79F98}.Release|Any CPU.ActiveCfg = Release|Any CPU
		{02D99955-6EBC-40EB-92EF-EFD48CC79F98}.Release|Any CPU.Build.0 = Release|Any CPU
		{02D99955-6EBC-40EB-92EF-EFD48CC79F98}.Release|x64.ActiveCfg = Release|x64
		{02D99955-6EBC-40EB-92EF-EFD48CC79F98}.Release|x64.Build.0 = Release|x64
	EndGlobalSection
	GlobalSection(SolutionProperties) = preSolution
		HideSolutionNode = FALSE
	EndGlobalSection
	GlobalSection(ExtensibilityGlobals) = postSolution
		SolutionGuid = {DD9D70E0-83E6-4A1B-A679-24F64D1B5479}
	EndGlobalSection
EndGlobal
